{
  "name": "api",
  "lockfileVersion": 3,
  "requires": true,
  "packages": {
    "": {
      "dependencies": {
        "tabula-js": "^1.0.1"
      }
    },
    "node_modules/highland": {
      "version": "2.13.5",
      "resolved": "https://registry.npmjs.org/highland/-/highland-2.13.5.tgz",
      "integrity": "sha512-dn2flPapIIAa4BtkB2ahjshg8iSJtrJtdhEb9/oiOrS5HMQTR/GuhFpqJ+11YBdtnl3AwWKvbZd1Uxr8uAmA7A==",
      "dependencies": {
        "util-deprecate": "^1.0.2"
      }
    },
    "node_modules/highland-errors-to": {
      "version": "2.0.1",
      "resolved": "https://registry.npmjs.org/highland-errors-to/-/highland-errors-to-2.0.1.tgz",
      "integrity": "sha512-ourQR0C3gcFgVLjAdWzI7+ixcHZdUmNilg3RIzo8a1m5no0bZCeTQjT/0NhJpsq2NYCo/VJm28U2RC0XPa81XA==",
      "dependencies": {
        "highland": "^2.4.0"
      }
    },
    "node_modules/highland-process": {
      "version": "1.0.5",
      "resolved": "https://registry.npmjs.org/highland-process/-/highland-process-1.0.5.tgz",
      "integrity": "sha512-Mc/RYeX+gJMtUbpq2KiZ/6k8XwQizejeRBxO4ojs+cHqLvbtY949WFWC5uwv1aES/5Qs1MCSMWxE3f2Wl+91qQ==",
      "dependencies": {
        "highland": "^2.2.0",
        "highland-errors-to": "^2.0.1"
      }
    },
    "node_modules/lodash": {
      "version": "4.17.21",
      "resolved": "https://registry.npmjs.org/lodash/-/lodash-4.17.21.tgz",
      "integrity": "sha512-v2kDEe57lecTulaDIuNTPy3Ry4gLGJ6Z1O3vE1krgXZNrsQ+LFTGHVxVjcXPs17LhbZVGedAJv8XZ1tvj5FvSg=="
    },
    "node_modules/tabula-js": {
      "version": "1.0.1",
      "resolved": "https://registry.npmjs.org/tabula-js/-/tabula-js-1.0.1.tgz",
      "integrity": "sha512-uVoVe6saXIA38iUAxn3Z8wfYNy3FikLdRcKctXnoPdTB5izR/HhPJHnqhlGVrgTuYoLGG+N3e0ogt35LIo7XXw==",
      "dependencies": {
        "highland": "^2.8.1",
        "highland-process": "^1.0.5",
        "lodash": "^4.13.1"
      }
    },
    "node_modules/util-deprecate": {
      "version": "1.0.2",
      "resolved": "https://registry.npmjs.org/util-deprecate/-/util-deprecate-1.0.2.tgz",
      "integrity": "sha512-EPD5q1uXyFxJpCrLnCc1nHnq3gOa6DZBocAIiI2TaSCA7VCJ1UJDMagCzIkXNsUYfD1daK//LTEQ8xiIbrHtcw=="
    }
  }
}
